
Microsoft Visual Studio Solution File, Format Version 12.00
# Visual Studio 15
Project("{FAE04EC0-301F-11D3-BF4B-00C04F79EFBC}") = "Assembly-CSharp", "Assembly-CSharp.csproj", "{7FF9C92F-C5AB-D9F5-B456-7A68FE9B0F52}"
EndProject
Project("{FAE04EC0-301F-11D3-BF4B-00C04F79EFBC}") = "Assembly-CSharp-Editor", "Assembly-CSharp-Editor.csproj", "{2387B4BE-0EBB-4E57-47ED-10D51B5B712A}"
EndProject
Global
	GlobalSection(SolutionConfigurationPlatforms) = preSolution
		Debug|Any CPU = Debug|Any CPU
		Release|Any CPU = Release|Any CPU
	EndGlobalSection
	GlobalSection(ProjectConfigurationPlatforms) = postSolution
		{7FF9C92F-C5AB-D9F5-B456-7A68FE9B0F52}.Debug|Any CPU.ActiveCfg = Debug|Any CPU
		{7FF9C92F-C5AB-D9F5-B456-7A68FE9B0F52}.Debug|Any CPU.Build.0 = Debug|Any CPU
		{7FF9C92F-C5AB-D9F5-B456-7A68FE9B0F52}.Release|Any CPU.ActiveCfg = Release|Any CPU
		{7FF9C92F-C5AB-D9F5-B456-7A68FE9B0F52}.Release|Any CPU.Build.0 = Release|Any CPU
		{2387B4BE-0EBB-4E57-47ED-10D51B5B712A}.Debug|Any CPU.ActiveCfg = Debug|Any CPU
		{2387B4BE-0EBB-4E57-47ED-10D51B5B712A}.Debug|Any CPU.Build.0 = Debug|Any CPU
		{2387B4BE-0EBB-4E57-47ED-10D51B5B712A}.Release|Any CPU.ActiveCfg = Release|Any CPU
		{2387B4BE-0EBB-4E57-47ED-10D51B5B712A}.Release|Any CPU.Build.0 = Release|Any CPU
	EndGlobalSection
	GlobalSection(SolutionProperties) = preSolution
		HideSolutionNode = FALSE
	EndGlobalSection
EndGlobal
